
Microsoft Visual Studio Solution File, Format Version 12.00
# Visual Studio Version 17
VisualStudioVersion = 17.8.34330.188
MinimumVisualStudioVersion = 10.0.40219.1
Project("{2150E333-8FDC-42A3-9474-1A3956D46DE8}") = "Services", "Services", "{B24B9E6F-D8A4-47BF-B05A-C546A36D470F}"
EndProject
Project("{2150E333-8FDC-42A3-9474-1A3956D46DE8}") = "Catalog", "Catalog", "{0F65DDC2-C740-4636-A3F9-1D3B1D6249C4}"
EndProject
Project("{FAE04EC0-301F-11D3-BF4B-00C04F79EFBC}") = "Catalog.API", "Services\Catalog\Catalog.API\Catalog.API.csproj", "{B21933B1-B450-40D7-80F8-6178189C02B3}"
EndProject
Global
	GlobalSection(SolutionConfigurationPlatforms) = preSolution
		Debug|Any CPU = Debug|Any CPU
		Release|Any CPU = Release|Any CPU
	EndGlobalSection
	GlobalSection(ProjectConfigurationPlatforms) = postSolution
		{B21933B1-B450-40D7-80F8-6178189C02B3}.Debug|Any CPU.ActiveCfg = Debug|Any CPU
		{B21933B1-B450-40D7-80F8-6178189C02B3}.Debug|Any CPU.Build.0 = Debug|Any CPU
		{B21933B1-B450-40D7-80F8-6178189C02B3}.Release|Any CPU.ActiveCfg = Release|Any CPU
		{B21933B1-B450-40D7-80F8-6178189C02B3}.Release|Any CPU.Build.0 = Release|Any CPU
	EndGlobalSection
	GlobalSection(SolutionProperties) = preSolution
		HideSolutionNode = FALSE
	EndGlobalSection
	GlobalSection(NestedProjects) = preSolution
		{0F65DDC2-C740-4636-A3F9-1D3B1D6249C4} = {B24B9E6F-D8A4-47BF-B05A-C546A36D470F}
		{B21933B1-B450-40D7-80F8-6178189C02B3} = {0F65DDC2-C740-4636-A3F9-1D3B1D6249C4}
	EndGlobalSection
	GlobalSection(ExtensibilityGlobals) = postSolution
		SolutionGuid = {1270E4A5-8DAA-48F2-8527-5873B3B48F04}
	EndGlobalSection
EndGlobal
